uuid: 8160b162-767e-448b-83a0-561d19189523
langcode: en
status: true
dependencies:
  module:
    - itm_lab3
  theme:
    - demo_theme
id: informationblock
theme: demo_theme
region: footer
weight: 0
provider: null
plugin: information_block
settings:
  id: information_block
  label: 'Information block'
  provider: itm_lab3
  label_display: visible
visibility: {  }
